
Microsoft Visual Studio Solution File, Format Version 12.00
# Visual Studio Version 17
VisualStudioVersion = 17.11.35312.102
MinimumVisualStudioVersion = 10.0.40219.1
Project("{FAE04EC0-301F-11D3-BF4B-00C04F79EFBC}") = "patikametod2", "patikametod2\patikametod2.csproj", "{B30A56E4-62D8-4EF5-91F4-3D49990CAB32}"
EndProject
Global
	GlobalSection(SolutionConfigurationPlatforms) = preSolution
		Debug|Any CPU = Debug|Any CPU
		Release|Any CPU = Release|Any CPU
	EndGlobalSection
	GlobalSection(ProjectConfigurationPlatforms) = postSolution
		{B30A56E4-62D8-4EF5-91F4-3D49990CAB32}.Debug|Any CPU.ActiveCfg = Debug|Any CPU
		{B30A56E4-62D8-4EF5-91F4-3D49990CAB32}.Debug|Any CPU.Build.0 = Debug|Any CPU
		{B30A56E4-62D8-4EF5-91F4-3D49990CAB32}.Release|Any CPU.ActiveCfg = Release|Any CPU
		{B30A56E4-62D8-4EF5-91F4-3D49990CAB32}.Release|Any CPU.Build.0 = Release|Any CPU
	EndGlobalSection
	GlobalSection(SolutionProperties) = preSolution
		HideSolutionNode = FALSE
	EndGlobalSection
	GlobalSection(ExtensibilityGlobals) = postSolution
		SolutionGuid = {3DA98817-4786-4760-91B3-FBCE1D9EC569}
	EndGlobalSection
EndGlobal
